
Microsoft Visual Studio Solution File, Format Version 12.00
# Visual Studio 14
VisualStudioVersion = 14.0.25420.1
MinimumVisualStudioVersion = 10.0.40219.1
Project("{FAE04EC0-301F-11D3-BF4B-00C04F79EFBC}") = "DynamicDictionary", "DynamicDictionary\DynamicDictionary.csproj", "{CF85E9A2-1971-4A98-B5D2-E6CD184EEF3F}"
EndProject
Project("{FAE04EC0-301F-11D3-BF4B-00C04F79EFBC}") = "DynamicDictionary.UnitTests", "DynamicDictionary.UnitTests\DynamicDictionary.UnitTests.csproj", "{5C6A7FF2-3C4D-47CA-814B-C601E260220E}"
EndProject
Global
	GlobalSection(SolutionConfigurationPlatforms) = preSolution
		Debug|Any CPU = Debug|Any CPU
		Release|Any CPU = Release|Any CPU
	EndGlobalSection
	GlobalSection(ProjectConfigurationPlatforms) = postSolution
		{CF85E9A2-1971-4A98-B5D2-E6CD184EEF3F}.Debug|Any CPU.ActiveCfg = Debug|Any CPU
		{CF85E9A2-1971-4A98-B5D2-E6CD184EEF3F}.Debug|Any CPU.Build.0 = Debug|Any CPU
		{CF85E9A2-1971-4A98-B5D2-E6CD184EEF3F}.Release|Any CPU.ActiveCfg = Release|Any CPU
		{CF85E9A2-1971-4A98-B5D2-E6CD184EEF3F}.Release|Any CPU.Build.0 = Release|Any CPU
		{5C6A7FF2-3C4D-47CA-814B-C601E260220E}.Debug|Any CPU.ActiveCfg = Debug|Any CPU
		{5C6A7FF2-3C4D-47CA-814B-C601E260220E}.Debug|Any CPU.Build.0 = Debug|Any CPU
		{5C6A7FF2-3C4D-47CA-814B-C601E260220E}.Release|Any CPU.ActiveCfg = Release|Any CPU
		{5C6A7FF2-3C4D-47CA-814B-C601E260220E}.Release|Any CPU.Build.0 = Release|Any CPU
	EndGlobalSection
	GlobalSection(SolutionProperties) = preSolution
		HideSolutionNode = FALSE
	EndGlobalSection
EndGlobal
